// !$*UTF8*$!
{
	archiveVersion = 1;
	classes = {
	};
	objectVersion = 48;
	objects = {

/* Begin PBXBuildFile section */
		5E0C69F320AA6EEB001E67D9 /* AppDelegate.swift in Sources */ = {isa = PBXBuildFile; fileRef = 5E0C69F220AA6EEB001E67D9 /* AppDelegate.swift */; };
		5E0C69F520AA6EEB001E67D9 /* ViewController.swift in Sources */ = {isa = PBXBuildFile; fileRef = 5E0C69F420AA6EEB001E67D9 /* ViewController.swift */; };
		5E0C69F820AA6EEB001E67D9 /* Main.storyboard in Resources */ = {isa = PBXBuildFile; fileRef = 5E0C69F620AA6EEB001E67D9 /* Main.storyboard */; };
		5E0C69FA20AA6EEB001E67D9 /* Assets.xcassets in Resources */ = {isa = PBXBuildFile; fileRef = 5E0C69F920AA6EEB001E67D9 /* Assets.xcassets */; };
		5E0C69FD20AA6EEB001E67D9 /* LaunchScreen.storyboard in Resources */ = {isa = PBXBuildFile; fileRef = 5E0C69FB20AA6EEB001E67D9 /* LaunchScreen.storyboard */; };
		5E0C6A0520AAA339001E67D9 /* PlayerModel.swift in Sources */ = {isa = PBXBuildFile; fileRef = 5E0C6A0420AAA339001E67D9 /* PlayerModel.swift */; };
		5E0C6A0820AAB581001E67D9 /* RPSGame.png in Resources */ = {isa = PBXBuildFile; fileRef = 5E0C6A0720AAB580001E67D9 /* RPSGame.png */; };
		5E0C6A0A20AAB5F3001E67D9 /* RestartGame.png in Resources */ = {isa = PBXBuildFile; fileRef = 5E0C6A0920AAB5F3001E67D9 /* RestartGame.png */; };
		5E8D9F6A20ABC97800DBB8A3 /* Quiz1ViewController.swift in Sources */ = {isa = PBXBuildFile; fileRef = 5E8D9F6920ABC97800DBB8A3 /* Quiz1ViewController.swift */; };
		5E8D9F6D20ABD37000DBB8A3 /* Quiz2ViewController.swift in Sources */ = {isa = PBXBuildFile; fileRef = 5E8D9F6C20ABD37000DBB8A3 /* Quiz2ViewController.swift */; };
		5E8D9F6F20ABD7EB00DBB8A3 /* Quiz3ViewController.swift in Sources */ = {isa = PBXBuildFile; fileRef = 5E8D9F6E20ABD7EB00DBB8A3 /* Quiz3ViewController.swift */; };
		5E8D9F7120ABD94700DBB8A3 /* ResultViewController.swift in Sources */ = {isa = PBXBuildFile; fileRef = 5E8D9F7020ABD94700DBB8A3 /* ResultViewController.swift */; };
		5E8D9F7320ABF0DD00DBB8A3 /* HomeViewController.swift in Sources */ = {isa = PBXBuildFile; fileRef = 5E8D9F7220ABF0DD00DBB8A3 /* HomeViewController.swift */; };
		5E8D9F7620AC06EE00DBB8A3 /* photoHuntGame.png in Resources */ = {isa = PBXBuildFile; fileRef = 5E8D9F7420AC06EE00DBB8A3 /* photoHuntGame.png */; };
		5E8D9F7720AC06EE00DBB8A3 /* main.png in Resources */ = {isa = PBXBuildFile; fileRef = 5E8D9F7520AC06EE00DBB8A3 /* main.png */; };
		5E8D9F7920AC0A8400DBB8A3 /* photoHuntAnwser.png in Resources */ = {isa = PBXBuildFile; fileRef = 5E8D9F7820AC0A8400DBB8A3 /* photoHuntAnwser.png */; };
/* End PBXBuildFile section */

/* Begin PBXFileReference section */
		5E0C69EF20AA6EEB001E67D9 /* Little Game.app */ = {isa = PBXFileReference; explicitFileType = wrapper.application; includeInIndex = 0; path = "Little Game.app"; sourceTree = BUILT_PRODUCTS_DIR; };
		5E0C69F220AA6EEB001E67D9 /* AppDelegate.swift */ = {isa = PBXFileReference; lastKnownFileType = sourcecode.swift; path = AppDelegate.swift; sourceTree = "<group>"; };
		5E0C69F420AA6EEB001E67D9 /* ViewController.swift */ = {isa = PBXFileReference; lastKnownFileType = sourcecode.swift; path = ViewController.swift; sourceTree = "<group>"; };
		5E0C69F720AA6EEB001E67D9 /* Base */ = {isa = PBXFileReference; lastKnownFileType = file.storyboard; name = Base; path = Base.lproj/Main.storyboard; sourceTree = "<group>"; };
		5E0C69F920AA6EEB001E67D9 /* Assets.xcassets */ = {isa = PBXFileReference; lastKnownFileType = folder.assetcatalog; path = Assets.xcassets; sourceTree = "<group>"; };
		5E0C69FC20AA6EEB001E67D9 /* Base */ = {isa = PBXFileReference; lastKnownFileType = file.storyboard; name = Base; path = Base.lproj/LaunchScreen.storyboard; sourceTree = "<group>"; };
		5E0C69FE20AA6EEB001E67D9 /* Info.plist */ = {isa = PBXFileReference; lastKnownFileType = text.plist.xml; path = Info.plist; sourceTree = "<group>"; };
		5E0C6A0420AAA339001E67D9 /* PlayerModel.swift */ = {isa = PBXFileReference; lastKnownFileType = sourcecode.swift; path = PlayerModel.swift; sourceTree = "<group>"; };
		5E0C6A0620AAB429001E67D9 /* README.md */ = {isa = PBXFileReference; lastKnownFileType = net.daringfireball.markdown; path = README.md; sourceTree = "<group>"; };
		5E0C6A0720AAB580001E67D9 /* RPSGame.png */ = {isa = PBXFileReference; lastKnownFileType = image.png; path = RPSGame.png; sourceTree = "<group>"; };
		5E0C6A0920AAB5F3001E67D9 /* RestartGame.png */ = {isa = PBXFileReference; lastKnownFileType = image.png; path = RestartGame.png; sourceTree = "<group>"; };
		5E8D9F6920ABC97800DBB8A3 /* Quiz1ViewController.swift */ = {isa = PBXFileReference; lastKnownFileType = sourcecode.swift; path = Quiz1ViewController.swift; sourceTree = "<group>"; };
		5E8D9F6C20ABD37000DBB8A3 /* Quiz2ViewController.swift */ = {isa = PBXFileReference; lastKnownFileType = sourcecode.swift; path = Quiz2ViewController.swift; sourceTree = "<group>"; };
		5E8D9F6E20ABD7EB00DBB8A3 /* Quiz3ViewController.swift */ = {isa = PBXFileReference; lastKnownFileType = sourcecode.swift; path = Quiz3ViewController.swift; sourceTree = "<group>"; };
		5E8D9F7020ABD94700DBB8A3 /* ResultViewController.swift */ = {isa = PBXFileReference; lastKnownFileType = sourcecode.swift; path = ResultViewController.swift; sourceTree = "<group>"; };
		5E8D9F7220ABF0DD00DBB8A3 /* HomeViewController.swift */ = {isa = PBXFileReference; lastKnownFileType = sourcecode.swift; path = HomeViewController.swift; sourceTree = "<group>"; };
		5E8D9F7420AC06EE00DBB8A3 /* photoHuntGame.png */ = {isa = PBXFileReference; lastKnownFileType = image.png; path = photoHuntGame.png; sourceTree = "<group>"; };
		5E8D9F7520AC06EE00DBB8A3 /* main.png */ = {isa = PBXFileReference; lastKnownFileType = image.png; path = main.png; sourceTree = "<group>"; };
		5E8D9F7820AC0A8400DBB8A3 /* photoHuntAnwser.png */ = {isa = PBXFileReference; lastKnownFileType = image.png; path = photoHuntAnwser.png; sourceTree = "<group>"; };
/* End PBXFileReference section */

/* Begin PBXFrameworksBuildPhase section */
		5E0C69EC20AA6EEB001E67D9 /* Frameworks */ = {
			isa = PBXFrameworksBuildPhase;
			buildActionMask = 2147483647;
			files = (
			);
			runOnlyForDeploymentPostprocessing = 0;
		};
/* End PBXFrameworksBuildPhase section */

/* Begin PBXGroup section */
		5E0C69E620AA6EEB001E67D9 = {
			isa = PBXGroup;
			children = (
				5E0C6A0620AAB429001E67D9 /* README.md */,
				5E0C6A0720AAB580001E67D9 /* RPSGame.png */,
				5E0C6A0920AAB5F3001E67D9 /* RestartGame.png */,
				5E8D9F7520AC06EE00DBB8A3 /* main.png */,
				5E8D9F7820AC0A8400DBB8A3 /* photoHuntAnwser.png */,
				5E8D9F7420AC06EE00DBB8A3 /* photoHuntGame.png */,
				5E0C69F120AA6EEB001E67D9 /* Game */,
				5E0C69F020AA6EEB001E67D9 /* Products */,
			);
			sourceTree = "<group>";
		};
		5E0C69F020AA6EEB001E67D9 /* Products */ = {
			isa = PBXGroup;
			children = (
				5E0C69EF20AA6EEB001E67D9 /* Little Game.app */,
			);
			name = Products;
			sourceTree = "<group>";
		};
		5E0C69F120AA6EEB001E67D9 /* Game */ = {
			isa = PBXGroup;
			children = (
				5E0C6A0420AAA339001E67D9 /* PlayerModel.swift */,
				5E8D9F6B20ABD26800DBB8A3 /* Jeremy */,
				5E8D9F7A20AC14B800DBB8A3 /* Morris */,
				5E0C69F620AA6EEB001E67D9 /* Main.storyboard */,
				5E0C69F920AA6EEB001E67D9 /* Assets.xcassets */,
				5E0C69FB20AA6EEB001E67D9 /* LaunchScreen.storyboard */,
				5E0C69FE20AA6EEB001E67D9 /* Info.plist */,
			);
			path = Game;
			sourceTree = "<group>";
		};
		5E8D9F6B20ABD26800DBB8A3 /* Jeremy */ = {
			isa = PBXGroup;
			children = (
				5E8D9F7220ABF0DD00DBB8A3 /* HomeViewController.swift */,
				5E0C69F220AA6EEB001E67D9 /* AppDelegate.swift */,
				5E0C69F420AA6EEB001E67D9 /* ViewController.swift */,
			);
			path = Jeremy;
			sourceTree = "<group>";
		};
		5E8D9F7A20AC14B800DBB8A3 /* Morris */ = {
			isa = PBXGroup;
			children = (
				5E8D9F7020ABD94700DBB8A3 /* ResultViewController.swift */,
				5E8D9F6920ABC97800DBB8A3 /* Quiz1ViewController.swift */,
				5E8D9F6C20ABD37000DBB8A3 /* Quiz2ViewController.swift */,
				5E8D9F6E20ABD7EB00DBB8A3 /* Quiz3ViewController.swift */,
			);
			path = Morris;
			sourceTree = "<group>";
		};
/* End PBXGroup section */

/* Begin PBXNativeTarget section */
		5E0C69EE20AA6EEB001E67D9 /* Little Game */ = {
			isa = PBXNativeTarget;
			buildConfigurationList = 5E0C6A0120AA6EEB001E67D9 /* Build configuration list for PBXNativeTarget "Little Game" */;
			buildPhases = (
				5E0C69EB20AA6EEB001E67D9 /* Sources */,
				5E0C69EC20AA6EEB001E67D9 /* Frameworks */,
				5E0C69ED20AA6EEB001E67D9 /* Resources */,
			);
			buildRules = (
			);
			dependencies = (
			);
			name = "Little Game";
			productName = Game;
			productReference = 5E0C69EF20AA6EEB001E67D9 /* Little Game.app */;
			productType = "com.apple.product-type.application";
		};
/* End PBXNativeTarget section */

/* Begin PBXProject section */
		5E0C69E720AA6EEB001E67D9 /* Project object */ = {
			isa = PBXProject;
			attributes = {
				LastSwiftUpdateCheck = 0920;
				LastUpgradeCheck = 0920;
				ORGANIZATIONNAME = JeremyXue;
				TargetAttributes = {
					5E0C69EE20AA6EEB001E67D9 = {
						CreatedOnToolsVersion = 9.2;
						ProvisioningStyle = Automatic;
					};
				};
			};
			buildConfigurationList = 5E0C69EA20AA6EEB001E67D9 /* Build configuration list for PBXProject "Little Game" */;
			compatibilityVersion = "Xcode 8.0";
			developmentRegion = en;
			hasScannedForEncodings = 0;
			knownRegions = (
				en,
				Base,
			);
			mainGroup = 5E0C69E620AA6EEB001E67D9;
			productRefGroup = 5E0C69F020AA6EEB001E67D9 /* Products */;
			projectDirPath = "";
			projectRoot = "";
			targets = (
				5E0C69EE20AA6EEB001E67D9 /* Little Game */,
			);
		};
/* End PBXProject section */

/* Begin PBXResourcesBuildPhase section */
		5E0C69ED20AA6EEB001E67D9 /* Resources */ = {
			isa = PBXResourcesBuildPhase;
			buildActionMask = 2147483647;
			files = (
				5E0C69FD20AA6EEB001E67D9 /* LaunchScreen.storyboard in Resources */,
				5E8D9F7920AC0A8400DBB8A3 /* photoHuntAnwser.png in Resources */,
				5E8D9F7720AC06EE00DBB8A3 /* main.png in Resources */,
				5E0C69FA20AA6EEB001E67D9 /* Assets.xcassets in Resources */,
				5E0C6A0A20AAB5F3001E67D9 /* RestartGame.png in Resources */,
				5E0C6A0820AAB581001E67D9 /* RPSGame.png in Resources */,
				5E0C69F820AA6EEB001E67D9 /* Main.storyboard in Resources */,
				5E8D9F7620AC06EE00DBB8A3 /* photoHuntGame.png in Resources */,
			);
			runOnlyForDeploymentPostprocessing = 0;
		};
/* End PBXResourcesBuildPhase section */

/* Begin PBXSourcesBuildPhase section */
		5E0C69EB20AA6EEB001E67D9 /* Sources */ = {
			isa = PBXSourcesBuildPhase;
			buildActionMask = 2147483647;
			files = (
				5E0C6A0520AAA339001E67D9 /* PlayerModel.swift in Sources */,
				5E8D9F6A20ABC97800DBB8A3 /* Quiz1ViewController.swift in Sources */,
				5E8D9F7120ABD94700DBB8A3 /* ResultViewController.swift in Sources */,
				5E8D9F7320ABF0DD00DBB8A3 /* HomeViewController.swift in Sources */,
				5E8D9F6D20ABD37000DBB8A3 /* Quiz2ViewController.swift in Sources */,
				5E8D9F6F20ABD7EB00DBB8A3 /* Quiz3ViewController.swift in Sources */,
				5E0C69F520AA6EEB001E67D9 /* ViewController.swift in Sources */,
				5E0C69F320AA6EEB001E67D9 /* AppDelegate.swift in Sources */,
			);
			runOnlyForDeploymentPostprocessing = 0;
		};
/* End PBXSourcesBuildPhase section */

/* Begin PBXVariantGroup section */
		5E0C69F620AA6EEB001E67D9 /* Main.storyboard */ = {
			isa = PBXVariantGroup;
			children = (
				5E0C69F720AA6EEB001E67D9 /* Base */,
			);
			name = Main.storyboard;
			sourceTree = "<group>";
		};
		5E0C69FB20AA6EEB001E67D9 /* LaunchScreen.storyboard */ = {
			isa = PBXVariantGroup;
			children = (
				5E0C69FC20AA6EEB001E67D9 /* Base */,
			);
			name = LaunchScreen.storyboard;
			sourceTree = "<group>";
		};
/* End PBXVariantGroup section */

/* Begin XCBuildConfiguration section */
		5E0C69FF20AA6EEB001E67D9 /* Debug */ = {
			isa = XCBuildConfiguration;
			buildSettings = {
				ALWAYS_SEARCH_USER_PATHS = NO;
				CLANG_ANALYZER_NONNULL = YES;
				CLANG_ANALYZER_NUMBER_OBJECT_CONVERSION = YES_AGGRESSIVE;
				CLANG_CXX_LANGUAGE_STANDARD = "gnu++14";
				CLANG_CXX_LIBRARY = "libc++";
				CLANG_ENABLE_MODULES = YES;
				CLANG_ENABLE_OBJC_ARC = YES;
				CLANG_WARN_BLOCK_CAPTURE_AUTORELEASING = YES;
				CLANG_WARN_BOOL_CONVERSION = YES;
				CLANG_WARN_COMMA = YES;
				CLANG_WARN_CONSTANT_CONVERSION = YES;
				CLANG_WARN_DIRECT_OBJC_ISA_USAGE = YES_ERROR;
				CLANG_WARN_DOCUMENTATION_COMMENTS = YES;
				CLANG_WARN_EMPTY_BODY = YES;
				CLANG_WARN_ENUM_CONVERSION = YES;
				CLANG_WARN_INFINITE_RECURSION = YES;
				CLANG_WARN_INT_CONVERSION = YES;
				CLANG_WARN_NON_LITERAL_NULL_CONVERSION = YES;
				CLANG_WARN_OBJC_LITERAL_CONVERSION = YES;
				CLANG_WARN_OBJC_ROOT_CLASS = YES_ERROR;
				CLANG_WARN_RANGE_LOOP_ANALYSIS = YES;
				CLANG_WARN_STRICT_PROTOTYPES = YES;
				CLANG_WARN_SUSPICIOUS_MOVE = YES;
				CLANG_WARN_UNGUARDED_AVAILABILITY = YES_AGGRESSIVE;
				CLANG_WARN_UNREACHABLE_CODE = YES;
				CLANG_WARN__DUPLICATE_METHOD_MATCH = YES;
				CODE_SIGN_IDENTITY = "iPhone Developer";
				COPY_PHASE_STRIP = NO;
				DEBUG_INFORMATION_FORMAT = dwarf;
				ENABLE_STRICT_OBJC_MSGSEND = YES;
				ENABLE_TESTABILITY = YES;
				GCC_C_LANGUAGE_STANDARD = gnu11;
				GCC_DYNAMIC_NO_PIC = NO;
				GCC_NO_COMMON_BLOCKS = YES;
				GCC_OPTIMIZATION_LEVEL = 0;
				GCC_PREPROCESSOR_DEFINITIONS = (
					"DEBUG=1",
					"$(inherited)",
				);
				GCC_WARN_64_TO_32_BIT_CONVERSION = YES;
				GCC_WARN_ABOUT_RETURN_TYPE = YES_ERROR;
				GCC_WARN_UNDECLARED_SELECTOR = YES;
				GCC_WARN_UNINITIALIZED_AUTOS = YES_AGGRESSIVE;
				GCC_WARN_UNUSED_FUNCTION = YES;
				GCC_WARN_UNUSED_VARIABLE = YES;
				IPHONEOS_DEPLOYMENT_TARGET = 11.2;
				MTL_ENABLE_DEBUG_INFO = YES;
				ONLY_ACTIVE_ARCH = YES;
				SDKROOT = iphoneos;
				SWIFT_ACTIVE_COMPILATION_CONDITIONS = DEBUG;
				SWIFT_OPTIMIZATION_LEVEL = "-Onone";
			};
			name = Debug;
		};
		5E0C6A0020AA6EEB001E67D9 /* Release */ = {
			isa = XCBuildConfiguration;
			buildSettings = {
				ALWAYS_SEARCH_USER_PATHS = NO;
				CLANG_ANALYZER_NONNULL = YES;
				CLANG_ANALYZER_NUMBER_OBJECT_CONVERSION = YES_AGGRESSIVE;
				CLANG_CXX_LANGUAGE_STANDARD = "gnu++14";
				CLANG_CXX_LIBRARY = "libc++";
				CLANG_ENABLE_MODULES = YES;
				CLANG_ENABLE_OBJC_ARC = YES;
				CLANG_WARN_BLOCK_CAPTURE_AUTORELEASING = YES;
				CLANG_WARN_BOOL_CONVERSION = YES;
				CLANG_WARN_COMMA = YES;
				CLANG_WARN_CONSTANT_CONVERSION = YES;
				CLANG_WARN_DIRECT_OBJC_ISA_USAGE = YES_ERROR;
				CLANG_WARN_DOCUMENTATION_COMMENTS = YES;
				CLANG_WARN_EMPTY_BODY = YES;
				CLANG_WARN_ENUM_CONVERSION = YES;
				CLANG_WARN_INFINITE_RECURSION = YES;
				CLANG_WARN_INT_CONVERSION = YES;
				CLANG_WARN_NON_LITERAL_NULL_CONVERSION = YES;
				CLANG_WARN_OBJC_LITERAL_CONVERSION = YES;
				CLANG_WARN_OBJC_ROOT_CLASS = YES_ERROR;
				CLANG_WARN_RANGE_LOOP_ANALYSIS = YES;
				CLANG_WARN_STRICT_PROTOTYPES = YES;
				CLANG_WARN_SUSPICIOUS_MOVE = YES;
				CLANG_WARN_UNGUARDED_AVAILABILITY = YES_AGGRESSIVE;
				CLANG_WARN_UNREACHABLE_CODE = YES;
				CLANG_WARN__DUPLICATE_METHOD_MATCH = YES;
				CODE_SIGN_IDENTITY = "iPhone Developer";
				COPY_PHASE_STRIP = NO;
				DEBUG_INFORMATION_FORMAT = "dwarf-with-dsym";
				ENABLE_NS_ASSERTIONS = NO;
				ENABLE_STRICT_OBJC_MSGSEND = YES;
				GCC_C_LANGUAGE_STANDARD = gnu11;
				GCC_NO_COMMON_BLOCKS = YES;
				GCC_WARN_64_TO_32_BIT_CONVERSION = YES;
				GCC_WARN_ABOUT_RETURN_TYPE = YES_ERROR;
				GCC_WARN_UNDECLARED_SELECTOR = YES;
				GCC_WARN_UNINITIALIZED_AUTOS = YES_AGGRESSIVE;
				GCC_WARN_UNUSED_FUNCTION = YES;
				GCC_WARN_UNUSED_VARIABLE = YES;
				IPHONEOS_DEPLOYMENT_TARGET = 11.2;
				MTL_ENABLE_DEBUG_INFO = NO;
				SDKROOT = iphoneos;
				SWIFT_OPTIMIZATION_LEVEL = "-Owholemodule";
				VALIDATE_PRODUCT = YES;
			};
			name = Release;
		};
		5E0C6A0220AA6EEB001E67D9 /* Debug */ = {
			isa = XCBuildConfiguration;
			buildSettings = {
				ASSETCATALOG_COMPILER_APPICON_NAME = AppIcon;
				CODE_SIGN_STYLE = Automatic;
				DEVELOPMENT_TEAM = 4PAC9XA99N;
				INFOPLIST_FILE = Game/Info.plist;
				LD_RUNPATH_SEARCH_PATHS = "$(inherited) @executable_path/Frameworks";
				PRODUCT_BUNDLE_IDENTIFIER = "com.JJX.Little-Game";
				PRODUCT_NAME = "$(TARGET_NAME)";
				SWIFT_VERSION = 4.0;
				TARGETED_DEVICE_FAMILY = "1,2";
			};
			name = Debug;
		};
		5E0C6A0320AA6EEB001E67D9 /* Release */ = {
			isa = XCBuildConfiguration;
			buildSettings = {
				ASSETCATALOG_COMPILER_APPICON_NAME = AppIcon;
				CODE_SIGN_STYLE = Automatic;
				DEVELOPMENT_TEAM = 4PAC9XA99N;
				INFOPLIST_FILE = Game/Info.plist;
				LD_RUNPATH_SEARCH_PATHS = "$(inherited) @executable_path/Frameworks";
				PRODUCT_BUNDLE_IDENTIFIER = "com.JJX.Little-Game";
				PRODUCT_NAME = "$(TARGET_NAME)";
				SWIFT_VERSION = 4.0;
				TARGETED_DEVICE_FAMILY = "1,2";
			};
			name = Release;
		};
/* End XCBuildConfiguration section */

/* Begin XCConfigurationList section */
		5E0C69EA20AA6EEB001E67D9 /* Build configuration list for PBXProject "Little Game" */ = {
			isa = XCConfigurationList;
			buildConfigurations = (
				5E0C69FF20AA6EEB001E67D9 /* Debug */,
				5E0C6A0020AA6EEB001E67D9 /* Release */,
			);
			defaultConfigurationIsVisible = 0;
			defaultConfigurationName = Release;
		};
		5E0C6A0120AA6EEB001E67D9 /* Build configuration list for PBXNativeTarget "Little Game" */ = {
			isa = XCConfigurationList;
			buildConfigurations = (
				5E0C6A0220AA6EEB001E67D9 /* Debug */,
				5E0C6A0320AA6EEB001E67D9 /* Release */,
			);
			defaultConfigurationIsVisible = 0;
			defaultConfigurationName = Release;
		};
/* End XCConfigurationList section */
	};
	rootObject = 5E0C69E720AA6EEB001E67D9 /* Project object */;
}
